dependencies:
- name: kube-prometheus-stack
  repository: https://prometheus-community.github.io/helm-charts
  version: 23.1.6
- name: grafana
  repository: https://grafana.github.io/helm-charts
  version: 6.20.3
- name: prometheus-pushgateway
  repository: https://prometheus-community.github.io/helm-charts
  version: 1.13.0
- name: emqx-ee
  repository: https://repos.emqx.io/charts
  version: 4.3.5
- name: mongodb
  repository: https://charts.bitnami.com/bitnami
  version: 10.30.6
- name: redis
  repository: https://charts.bitnami.com/bitnami
  version: 15.6.5
- name: postgresql
  repository: https://charts.bitnami.com/bitnami
  version: 10.13.14
- name: kafka
  repository: https://charts.bitnami.com/bitnami
  version: 14.7.1
digest: sha256:d4a16ee75f221b1a2aa07582353b2f72abaebbc3d5706c0f5ef5077ecdb3e26c
generated: "2021-12-28T07:28:02.629985018Z"
